
Microsoft Visual Studio Solution File, Format Version 12.00
# Visual Studio Version 17
VisualStudioVersion = 17.3.32804.467
MinimumVisualStudioVersion = 10.0.40219.1
Project("{9A19103F-16F7-4668-BE54-9A1E7A4F7556}") = "LeadScraper.Domain", "LeadScraper.Domain\LeadScraper.Domain.csproj", "{6CE67C61-FE50-4E45-9AF7-2EF2C10B8C74}"
EndProject
Project("{9A19103F-16F7-4668-BE54-9A1E7A4F7556}") = "LeadScraper.Infrastructure", "LeadScraper.Infrastructure\LeadScraper.Infrastructure.csproj", "{1EFA868C-5D15-4018-BE10-9668B654DCB2}"
EndProject
Project("{9A19103F-16F7-4668-BE54-9A1E7A4F7556}") = "LeadScraper.MAUI", "LeadScraper.MAUI\LeadScraper.MAUI.csproj", "{A2B89BCD-05CD-4E20-8E11-72B4A7AE557E}"
EndProject
Project("{9A19103F-16F7-4668-BE54-9A1E7A4F7556}") = "LeadScraper.Console", "LeadScraper.Console\LeadScraper.Console.csproj", "{395F51A5-870F-4A15-9DC9-A53B1ABABE97}"
EndProject
Global
	GlobalSection(SolutionConfigurationPlatforms) = preSolution
		Debug|Any CPU = Debug|Any CPU
		Release|Any CPU = Release|Any CPU
	EndGlobalSection
	GlobalSection(ProjectConfigurationPlatforms) = postSolution
		{6CE67C61-FE50-4E45-9AF7-2EF2C10B8C74}.Debug|Any CPU.ActiveCfg = Debug|Any CPU
		{6CE67C61-FE50-4E45-9AF7-2EF2C10B8C74}.Debug|Any CPU.Build.0 = Debug|Any CPU
		{6CE67C61-FE50-4E45-9AF7-2EF2C10B8C74}.Release|Any CPU.ActiveCfg = Release|Any CPU
		{6CE67C61-FE50-4E45-9AF7-2EF2C10B8C74}.Release|Any CPU.Build.0 = Release|Any CPU
		{1EFA868C-5D15-4018-BE10-9668B654DCB2}.Debug|Any CPU.ActiveCfg = Debug|Any CPU
		{1EFA868C-5D15-4018-BE10-9668B654DCB2}.Debug|Any CPU.Build.0 = Debug|Any CPU
		{1EFA868C-5D15-4018-BE10-9668B654DCB2}.Release|Any CPU.ActiveCfg = Release|Any CPU
		{1EFA868C-5D15-4018-BE10-9668B654DCB2}.Release|Any CPU.Build.0 = Release|Any CPU
		{A2B89BCD-05CD-4E20-8E11-72B4A7AE557E}.Debug|Any CPU.ActiveCfg = Debug|Any CPU
		{A2B89BCD-05CD-4E20-8E11-72B4A7AE557E}.Debug|Any CPU.Build.0 = Debug|Any CPU
		{A2B89BCD-05CD-4E20-8E11-72B4A7AE557E}.Debug|Any CPU.Deploy.0 = Debug|Any CPU
		{A2B89BCD-05CD-4E20-8E11-72B4A7AE557E}.Release|Any CPU.ActiveCfg = Release|Any CPU
		{A2B89BCD-05CD-4E20-8E11-72B4A7AE557E}.Release|Any CPU.Build.0 = Release|Any CPU
		{A2B89BCD-05CD-4E20-8E11-72B4A7AE557E}.Release|Any CPU.Deploy.0 = Release|Any CPU
		{395F51A5-870F-4A15-9DC9-A53B1ABABE97}.Debug|Any CPU.ActiveCfg = Debug|Any CPU
		{395F51A5-870F-4A15-9DC9-A53B1ABABE97}.Debug|Any CPU.Build.0 = Debug|Any CPU
		{395F51A5-870F-4A15-9DC9-A53B1ABABE97}.Release|Any CPU.ActiveCfg = Release|Any CPU
		{395F51A5-870F-4A15-9DC9-A53B1ABABE97}.Release|Any CPU.Build.0 = Release|Any CPU
	EndGlobalSection
	GlobalSection(SolutionProperties) = preSolution
		HideSolutionNode = FALSE
	EndGlobalSection
	GlobalSection(ExtensibilityGlobals) = postSolution
		SolutionGuid = {0CF27EDC-9946-4257-B0A5-E6A7F813B083}
	EndGlobalSection
EndGlobal
