
Microsoft Visual Studio Solution File, Format Version 12.00
# Visual Studio Version 16
VisualStudioVersion = 16.0.29905.134
MinimumVisualStudioVersion = 10.0.40219.1
Project("{FAE04EC0-301F-11D3-BF4B-00C04F79EFBC}") = "LeadScraper", "LeadScraper.csproj", "{202ABC9F-F308-4F58-B908-32044C5DACC9}"
EndProject
Project("{9A19103F-16F7-4668-BE54-9A1E7A4F7556}") = "LeadScraper.Domain", "..\LeadScraper.Domain\LeadScraper.Domain.csproj", "{7847D126-1500-4C39-BB46-3622BBE7964D}"
EndProject
Project("{9A19103F-16F7-4668-BE54-9A1E7A4F7556}") = "LeadScraper.Infrastructure", "..\LeadScraper.Infrastructure\LeadScraper.Infrastructure.csproj", "{3EAB1AF1-A452-46B9-861B-9C8C74CF6C38}"
EndProject
Global
	GlobalSection(SolutionConfigurationPlatforms) = preSolution
		Debug|Any CPU = Debug|Any CPU
		Release|Any CPU = Release|Any CPU
	EndGlobalSection
	GlobalSection(ProjectConfigurationPlatforms) = postSolution
		{202ABC9F-F308-4F58-B908-32044C5DACC9}.Debug|Any CPU.ActiveCfg = Debug|Any CPU
		{202ABC9F-F308-4F58-B908-32044C5DACC9}.Debug|Any CPU.Build.0 = Debug|Any CPU
		{202ABC9F-F308-4F58-B908-32044C5DACC9}.Release|Any CPU.ActiveCfg = Release|Any CPU
		{202ABC9F-F308-4F58-B908-32044C5DACC9}.Release|Any CPU.Build.0 = Release|Any CPU
		{7847D126-1500-4C39-BB46-3622BBE7964D}.Debug|Any CPU.ActiveCfg = Debug|Any CPU
		{7847D126-1500-4C39-BB46-3622BBE7964D}.Debug|Any CPU.Build.0 = Debug|Any CPU
		{7847D126-1500-4C39-BB46-3622BBE7964D}.Release|Any CPU.ActiveCfg = Release|Any CPU
		{7847D126-1500-4C39-BB46-3622BBE7964D}.Release|Any CPU.Build.0 = Release|Any CPU
		{3EAB1AF1-A452-46B9-861B-9C8C74CF6C38}.Debug|Any CPU.ActiveCfg = Debug|Any CPU
		{3EAB1AF1-A452-46B9-861B-9C8C74CF6C38}.Debug|Any CPU.Build.0 = Debug|Any CPU
		{3EAB1AF1-A452-46B9-861B-9C8C74CF6C38}.Release|Any CPU.ActiveCfg = Release|Any CPU
		{3EAB1AF1-A452-46B9-861B-9C8C74CF6C38}.Release|Any CPU.Build.0 = Release|Any CPU
	EndGlobalSection
	GlobalSection(SolutionProperties) = preSolution
		HideSolutionNode = FALSE
	EndGlobalSection
	GlobalSection(ExtensibilityGlobals) = postSolution
		SolutionGuid = {0CF27EDC-9946-4257-B0A5-E6A7F813B083}
	EndGlobalSection
EndGlobal
