
Microsoft Visual Studio Solution File, Format Version 12.00
# Visual Studio Version 16
VisualStudioVersion = 16.0.29905.134
MinimumVisualStudioVersion = 10.0.40219.1
Project("{9A19103F-16F7-4668-BE54-9A1E7A4F7556}") = "LeadScraper", "LeadScraper.csproj", "{202ABC9F-F308-4F58-B908-32044C5DACC9}"
EndProject
Project("{9A19103F-16F7-4668-BE54-9A1E7A4F7556}") = "LeadScraper.Domain", "LeadScraper.Domain\LeadScraper.Domain.csproj", "{6CE67C61-FE50-4E45-9AF7-2EF2C10B8C74}"
EndProject
Project("{9A19103F-16F7-4668-BE54-9A1E7A4F7556}") = "LeadScraper.Infrastructure", "LeadScraper.Infrastructure\LeadScraper.Infrastructure.csproj", "{1EFA868C-5D15-4018-BE10-9668B654DCB2}"
EndProject
Global
	GlobalSection(SolutionConfigurationPlatforms) = preSolution
		Debug|Any CPU = Debug|Any CPU
		Release|Any CPU = Release|Any CPU
	EndGlobalSection
	GlobalSection(ProjectConfigurationPlatforms) = postSolution
		{202ABC9F-F308-4F58-B908-32044C5DACC9}.Debug|Any CPU.ActiveCfg = Debug|Any CPU
		{202ABC9F-F308-4F58-B908-32044C5DACC9}.Debug|Any CPU.Build.0 = Debug|Any CPU
		{202ABC9F-F308-4F58-B908-32044C5DACC9}.Release|Any CPU.ActiveCfg = Release|Any CPU
		{202ABC9F-F308-4F58-B908-32044C5DACC9}.Release|Any CPU.Build.0 = Release|Any CPU
		{6CE67C61-FE50-4E45-9AF7-2EF2C10B8C74}.Debug|Any CPU.ActiveCfg = Debug|Any CPU
		{6CE67C61-FE50-4E45-9AF7-2EF2C10B8C74}.Debug|Any CPU.Build.0 = Debug|Any CPU
		{6CE67C61-FE50-4E45-9AF7-2EF2C10B8C74}.Release|Any CPU.ActiveCfg = Release|Any CPU
		{6CE67C61-FE50-4E45-9AF7-2EF2C10B8C74}.Release|Any CPU.Build.0 = Release|Any CPU
		{1EFA868C-5D15-4018-BE10-9668B654DCB2}.Debug|Any CPU.ActiveCfg = Debug|Any CPU
		{1EFA868C-5D15-4018-BE10-9668B654DCB2}.Debug|Any CPU.Build.0 = Debug|Any CPU
		{1EFA868C-5D15-4018-BE10-9668B654DCB2}.Release|Any CPU.ActiveCfg = Release|Any CPU
		{1EFA868C-5D15-4018-BE10-9668B654DCB2}.Release|Any CPU.Build.0 = Release|Any CPU
	EndGlobalSection
	GlobalSection(SolutionProperties) = preSolution
		HideSolutionNode = FALSE
	EndGlobalSection
	GlobalSection(ExtensibilityGlobals) = postSolution
		SolutionGuid = {0CF27EDC-9946-4257-B0A5-E6A7F813B083}
	EndGlobalSection
EndGlobal
